
Microsoft Visual Studio Solution File, Format Version 12.00
# Visual Studio Version 16
VisualStudioVersion = 16.0.31624.102
MinimumVisualStudioVersion = 10.0.40219.1
Project("{FAE04EC0-301F-11D3-BF4B-00C04F79EFBC}") = "Lommeregner", "Lommeregner.csproj", "{F34A40AD-0DA0-48B5-9999-80F0378FC2EF}"
EndProject
Global
	GlobalSection(SolutionConfigurationPlatforms) = preSolution
		Debug|Any CPU = Debug|Any CPU
		Release|Any CPU = Release|Any CPU
	EndGlobalSection
	GlobalSection(ProjectConfigurationPlatforms) = postSolution
		{F34A40AD-0DA0-48B5-9999-80F0378FC2EF}.Debug|Any CPU.ActiveCfg = Debug|Any CPU
		{F34A40AD-0DA0-48B5-9999-80F0378FC2EF}.Debug|Any CPU.Build.0 = Debug|Any CPU
		{F34A40AD-0DA0-48B5-9999-80F0378FC2EF}.Release|Any CPU.ActiveCfg = Release|Any CPU
		{F34A40AD-0DA0-48B5-9999-80F0378FC2EF}.Release|Any CPU.Build.0 = Release|Any CPU
	EndGlobalSection
	GlobalSection(SolutionProperties) = preSolution
		HideSolutionNode = FALSE
	EndGlobalSection
	GlobalSection(ExtensibilityGlobals) = postSolution
		SolutionGuid = {0E96AD4E-448E-4F01-8247-BD24E0DFA3D7}
	EndGlobalSection
EndGlobal
